{
  "nodes": {
    "bird-src": {
      "flake": false,
      "locked": {
        "lastModified": 1771092363,
        "narHash": "sha256-0thMCaYrruwtvwntk3lQGWihW5OV9hCo+4EzZOhmR2A=",
        "ref": "refs/heads/main",
        "rev": "9b3b020c7292c4453e8160a979e9bc823da0e151",
        "revCount": 336,
        "type": "git",
        "url": "ssh://git@github.com/yumesha/bird-x-twitter-cmdline.git"
      },
      "original": {
        "type": "git",
        "url": "ssh://git@github.com/yumesha/bird-x-twitter-cmdline.git"
      }
    },
    "flake-utils": {
      "inputs": {
        "systems": "systems"
      },
      "locked": {
        "lastModified": 1731533236,
        "narHash": "sha256-l0KFg5HjrsfsO/JpG+r7fRrqm12kzFHyUHqHCVpMMbI=",
        "owner": "numtide",
        "repo": "flake-utils",
        "rev": "11707dc2f618dd54ca8739b309ec4fc024de578b",
        "type": "github"
      },
      "original": {
        "owner": "numtide",
        "repo": "flake-utils",
        "type": "github"
      }
    },
    "home-manager": {
      "inputs": {
        "nixpkgs": [
          "nixpkgs"
        ]
      },
      "locked": {
        "lastModified": 1774007980,
        "narHash": "sha256-FOnZjElEI8pqqCvB6K/1JRHTE8o4rer8driivTpq2uo=",
        "owner": "nix-community",
        "repo": "home-manager",
        "rev": "9670de2921812bc4e0452f6e3efd8c859696c183",
        "type": "github"
      },
      "original": {
        "owner": "nix-community",
        "repo": "home-manager",
        "type": "github"
      }
    },
    "nix-steipete-tools": {
      "inputs": {
        "nixpkgs": [
          "nixpkgs"
        ]
      },
      "locked": {
        "lastModified": 1774109735,
        "narHash": "sha256-F2sWkeuVEW0STQ0KZK670DVh+jHYk9sUGxdis0o1UXc=",
        "ref": "refs/heads/main",
        "rev": "d7cd6e5bf9f66854bf1be9b83e400c139bb95124",
        "revCount": 105,
        "type": "git",
        "url": "ssh://git@github.com/yumesha/nix-steipete-tools.git"
      },
      "original": {
        "type": "git",
        "url": "ssh://git@github.com/yumesha/nix-steipete-tools.git"
      }
    },
    "nixpkgs": {
      "locked": {
        "lastModified": 1773122722,
        "narHash": "sha256-FIqHByVqxCprNjor1NqF80F2QQoiiyqanNNefdlvOg4=",
        "owner": "NixOS",
        "repo": "nixpkgs",
        "rev": "62dc67aa6a52b4364dd75994ec00b51fbf474e50",
        "type": "github"
      },
      "original": {
        "owner": "NixOS",
        "ref": "nixos-unstable",
        "repo": "nixpkgs",
        "type": "github"
      }
    },
    "root": {
      "inputs": {
        "bird-src": "bird-src",
        "flake-utils": "flake-utils",
        "home-manager": "home-manager",
        "nix-steipete-tools": "nix-steipete-tools",
        "nixpkgs": "nixpkgs"
      }
    },
    "systems": {
      "locked": {
        "lastModified": 1681028828,
        "narHash": "sha256-Vy1rq5AaRuLzOxct8nz4T6wlgyUR7zLU309k9mBC768=",
        "owner": "nix-systems",
        "repo": "default",
        "rev": "da67096a3b9bf56a91d16901293e51ba5b49a27e",
        "type": "github"
      },
      "original": {
        "owner": "nix-systems",
        "repo": "default",
        "type": "github"
      }
    }
  },
  "root": "root",
  "version": 7
}
